
Microsoft Visual Studio Solution File, Format Version 12.00
# Visual Studio Version 17
VisualStudioVersion = 17.4.33122.133
MinimumVisualStudioVersion = 10.0.40219.1
Project("{9A19103F-16F7-4668-BE54-9A1E7A4F7556}") = "CookRecipesScraper.Api", "CookRecipesScraper.Api\CookRecipesScraper.Api.csproj", "{5A00A132-EBEC-4C26-A52C-F685126BA972}"
EndProject
Project("{FAE04EC0-301F-11D3-BF4B-00C04F79EFBC}") = "CookRecipesScraper.Parser", "CookRecipesScraper.Parser\CookRecipesScraper.Parser.csproj", "{77821F35-21AC-4833-A2E0-772A301C1386}"
EndProject
Project("{FAE04EC0-301F-11D3-BF4B-00C04F79EFBC}") = "CookRecipesScraper.Test", "CookRecipesScraper.Test\CookRecipesScraper.Test.csproj", "{D1A5C10B-0C51-431E-B508-5E5E38BBC989}"
EndProject
Global
	GlobalSection(SolutionConfigurationPlatforms) = preSolution
		Debug|Any CPU = Debug|Any CPU
		Release|Any CPU = Release|Any CPU
	EndGlobalSection
	GlobalSection(ProjectConfigurationPlatforms) = postSolution
		{5A00A132-EBEC-4C26-A52C-F685126BA972}.Debug|Any CPU.ActiveCfg = Debug|Any CPU
		{5A00A132-EBEC-4C26-A52C-F685126BA972}.Debug|Any CPU.Build.0 = Debug|Any CPU
		{5A00A132-EBEC-4C26-A52C-F685126BA972}.Release|Any CPU.ActiveCfg = Release|Any CPU
		{5A00A132-EBEC-4C26-A52C-F685126BA972}.Release|Any CPU.Build.0 = Release|Any CPU
		{77821F35-21AC-4833-A2E0-772A301C1386}.Debug|Any CPU.ActiveCfg = Debug|Any CPU
		{77821F35-21AC-4833-A2E0-772A301C1386}.Debug|Any CPU.Build.0 = Debug|Any CPU
		{77821F35-21AC-4833-A2E0-772A301C1386}.Release|Any CPU.ActiveCfg = Release|Any CPU
		{77821F35-21AC-4833-A2E0-772A301C1386}.Release|Any CPU.Build.0 = Release|Any CPU
		{D1A5C10B-0C51-431E-B508-5E5E38BBC989}.Debug|Any CPU.ActiveCfg = Debug|Any CPU
		{D1A5C10B-0C51-431E-B508-5E5E38BBC989}.Debug|Any CPU.Build.0 = Debug|Any CPU
		{D1A5C10B-0C51-431E-B508-5E5E38BBC989}.Release|Any CPU.ActiveCfg = Release|Any CPU
		{D1A5C10B-0C51-431E-B508-5E5E38BBC989}.Release|Any CPU.Build.0 = Release|Any CPU
	EndGlobalSection
	GlobalSection(SolutionProperties) = preSolution
		HideSolutionNode = FALSE
	EndGlobalSection
	GlobalSection(ExtensibilityGlobals) = postSolution
		SolutionGuid = {CBF28958-8BFD-4F24-829D-B428600B05DD}
	EndGlobalSection
EndGlobal
